// !$*UTF8*$!
{
	archiveVersion = 1;
	classes = {
	};
	objectVersion = 56;
	objects = {

/* Begin PBXBuildFile section */
		094296EA2B2846B500F22E8D /* AudioKitUI in Frameworks */ = {isa = PBXBuildFile; productRef = 094296E92B2846B500F22E8D /* AudioKitUI */; };
		095D62EA2B2996560064CF12 /* SciTunerViewController.swift in Sources */ = {isa = PBXBuildFile; fileRef = 095D62B62B2996560064CF12 /* SciTunerViewController.swift */; };
		095D62EB2B2996560064CF12 /* Localizable.strings in Resources */ = {isa = PBXBuildFile; fileRef = 095D62B72B2996560064CF12 /* Localizable.strings */; };
		095D62EC2B2996560064CF12 /* TubeScene.swift in Sources */ = {isa = PBXBuildFile; fileRef = 095D62BA2B2996560064CF12 /* TubeScene.swift */; };
		095D62ED2B2996560064CF12 /* Tuning.swift in Sources */ = {isa = PBXBuildFile; fileRef = 095D62BC2B2996560064CF12 /* Tuning.swift */; };
		095D62EE2B2996560064CF12 /* Pitch.swift in Sources */ = {isa = PBXBuildFile; fileRef = 095D62BD2B2996560064CF12 /* Pitch.swift */; };
		095D62EF2B2996560064CF12 /* Fret.swift in Sources */ = {isa = PBXBuildFile; fileRef = 095D62BE2B2996560064CF12 /* Fret.swift */; };
		095D62F02B2996560064CF12 /* Smoothing.swift in Sources */ = {isa = PBXBuildFile; fileRef = 095D62BF2B2996560064CF12 /* Smoothing.swift */; };
		095D62F12B2996560064CF12 /* Instrument.swift in Sources */ = {isa = PBXBuildFile; fileRef = 095D62C02B2996560064CF12 /* Instrument.swift */; };
		095D62F22B2996560064CF12 /* Processing.swift in Sources */ = {isa = PBXBuildFile; fileRef = 095D62C12B2996560064CF12 /* Processing.swift */; };
		095D62F32B2996560064CF12 /* Microphone.swift in Sources */ = {isa = PBXBuildFile; fileRef = 095D62C22B2996560064CF12 /* Microphone.swift */; };
		095D62F42B2996560064CF12 /* Note.swift in Sources */ = {isa = PBXBuildFile; fileRef = 095D62C32B2996560064CF12 /* Note.swift */; };
		095D62F52B2996560064CF12 /* Settings.swift in Sources */ = {isa = PBXBuildFile; fileRef = 095D62C42B2996560064CF12 /* Settings.swift */; };
		095D62F62B2996560064CF12 /* Filter.swift in Sources */ = {isa = PBXBuildFile; fileRef = 095D62C52B2996560064CF12 /* Filter.swift */; };
		095D62F72B2996560064CF12 /* Style.swift in Sources */ = {isa = PBXBuildFile; fileRef = 095D62C62B2996560064CF12 /* Style.swift */; };
		095D62F82B2996560064CF12 /* SciTuner.swift in Sources */ = {isa = PBXBuildFile; fileRef = 095D62C72B2996560064CF12 /* SciTuner.swift */; };
		095D62F92B2996560064CF12 /* HarmonicDetector.swift in Sources */ = {isa = PBXBuildFile; fileRef = 095D62C82B2996560064CF12 /* HarmonicDetector.swift */; };
		095D62FB2B2996560064CF12 /* FretsAlertController.swift in Sources */ = {isa = PBXBuildFile; fileRef = 095D62CC2B2996560064CF12 /* FretsAlertController.swift */; };
		095D62FC2B2996560064CF12 /* FiltersAlertController.swift in Sources */ = {isa = PBXBuildFile; fileRef = 095D62CD2B2996560064CF12 /* FiltersAlertController.swift */; };
		095D62FD2B2996560064CF12 /* InstrumentsAlertController.swift in Sources */ = {isa = PBXBuildFile; fileRef = 095D62CE2B2996560064CF12 /* InstrumentsAlertController.swift */; };
		095D62FE2B2996560064CF12 /* TunerViewController.swift in Sources */ = {isa = PBXBuildFile; fileRef = 095D62CF2B2996560064CF12 /* TunerViewController.swift */; };
		095D62FF2B2996560064CF12 /* SettingsViewController.swift in Sources */ = {isa = PBXBuildFile; fileRef = 095D62D02B2996560064CF12 /* SettingsViewController.swift */; };
		095D63012B2996560064CF12 /* LaunchScreen.strings in Resources */ = {isa = PBXBuildFile; fileRef = 095D62D22B2996560064CF12 /* LaunchScreen.strings */; };
		095D63022B2996560064CF12 /* Gradient.png in Resources */ = {isa = PBXBuildFile; fileRef = 095D62D72B2996560064CF12 /* Gradient.png */; };
		095D63042B2996560064CF12 /* CustomButton.swift in Sources */ = {isa = PBXBuildFile; fileRef = 095D62DA2B2996560064CF12 /* CustomButton.swift */; };
		095D63052B2996560064CF12 /* TuningView.swift in Sources */ = {isa = PBXBuildFile; fileRef = 095D62DB2B2996560064CF12 /* TuningView.swift */; };
		095D63062B2996560064CF12 /* PointerView.swift in Sources */ = {isa = PBXBuildFile; fileRef = 095D62DC2B2996560064CF12 /* PointerView.swift */; };
		095D63072B2996560064CF12 /* FineTuningView.swift in Sources */ = {isa = PBXBuildFile; fileRef = 095D62DD2B2996560064CF12 /* FineTuningView.swift */; };
		095D63082B2996560064CF12 /* ModebarView.swift in Sources */ = {isa = PBXBuildFile; fileRef = 095D62DE2B2996560064CF12 /* ModebarView.swift */; };
		095D63092B2996560064CF12 /* processing.c in Sources */ = {isa = PBXBuildFile; fileRef = 095D62E02B2996560064CF12 /* processing.c */; };
		095D630A2B2996560064CF12 /* micsource.c in Sources */ = {isa = PBXBuildFile; fileRef = 095D62E42B2996560064CF12 /* micsource.c */; };
		095D630B2B2996560064CF12 /* dspmath.c in Sources */ = {isa = PBXBuildFile; fileRef = 095D62E52B2996560064CF12 /* dspmath.c */; };
		095D630C2B2996560064CF12 /* UIColor+Hex.swift in Sources */ = {isa = PBXBuildFile; fileRef = 095D62E72B2996560064CF12 /* UIColor+Hex.swift */; };
		095D630D2B2996560064CF12 /* String+Localization.swift in Sources */ = {isa = PBXBuildFile; fileRef = 095D62E82B2996560064CF12 /* String+Localization.swift */; };
		095D63112B299A140064CF12 /* Realm in Frameworks */ = {isa = PBXBuildFile; productRef = 095D63102B299A140064CF12 /* Realm */; };
		095D63132B299A140064CF12 /* RealmSwift in Frameworks */ = {isa = PBXBuildFile; productRef = 095D63122B299A140064CF12 /* RealmSwift */; };
		096618FF2B1F971F009E4B42 /* Tuner.swift in Sources */ = {isa = PBXBuildFile; fileRef = 096618FE2B1F971F009E4B42 /* Tuner.swift */; };
		09687B2B2B21B19E006EE082 /* TunerView.swift in Sources */ = {isa = PBXBuildFile; fileRef = 09687B2A2B21B19E006EE082 /* TunerView.swift */; };
		0998EAF42B2866D80030F6B5 /* MicrophonePitchDetector in Resources */ = {isa = PBXBuildFile; fileRef = 0998EAF32B2866D80030F6B5 /* MicrophonePitchDetector */; };
		0998EAF72B2869B30030F6B5 /* TunerScreen.swift in Sources */ = {isa = PBXBuildFile; fileRef = 0998EAF62B2869B30030F6B5 /* TunerScreen.swift */; };
		0998EAFA2B286B1F0030F6B5 /* MicrophonePitchDetector in Frameworks */ = {isa = PBXBuildFile; productRef = 0998EAF92B286B1F0030F6B5 /* MicrophonePitchDetector */; };
		0998EAFE2B286B880030F6B5 /* Alignment.swift in Sources */ = {isa = PBXBuildFile; fileRef = 0998EAFC2B286B880030F6B5 /* Alignment.swift */; };
		0998EAFF2B286B880030F6B5 /* Color+MusicalDistance.swift in Sources */ = {isa = PBXBuildFile; fileRef = 0998EAFD2B286B880030F6B5 /* Color+MusicalDistance.swift */; };
		0998EB052B286BC80030F6B5 /* ModifierPreference.swift in Sources */ = {isa = PBXBuildFile; fileRef = 0998EB012B286BC80030F6B5 /* ModifierPreference.swift */; };
		0998EB062B286BC80030F6B5 /* Frequency.swift in Sources */ = {isa = PBXBuildFile; fileRef = 0998EB022B286BC80030F6B5 /* Frequency.swift */; };
		0998EB072B286BC80030F6B5 /* ScaleNote.swift in Sources */ = {isa = PBXBuildFile; fileRef = 0998EB032B286BC80030F6B5 /* ScaleNote.swift */; };
		0998EB082B286BC80030F6B5 /* ZenTunerData.swift in Sources */ = {isa = PBXBuildFile; fileRef = 0998EB042B286BC80030F6B5 /* ZenTunerData.swift */; };
		0998EB132B286BF30030F6B5 /* CurrentNoteMarker.swift in Sources */ = {isa = PBXBuildFile; fileRef = 0998EB0A2B286BF20030F6B5 /* CurrentNoteMarker.swift */; };
		0998EB142B286BF30030F6B5 /* MatchedNoteView.swift in Sources */ = {isa = PBXBuildFile; fileRef = 0998EB0B2B286BF20030F6B5 /* MatchedNoteView.swift */; };
		0998EB152B286BF30030F6B5 /* NoteDistanceMarkers.swift in Sources */ = {isa = PBXBuildFile; fileRef = 0998EB0C2B286BF20030F6B5 /* NoteDistanceMarkers.swift */; };
		0998EB162B286BF30030F6B5 /* NoteTicks.swift in Sources */ = {isa = PBXBuildFile; fileRef = 0998EB0D2B286BF20030F6B5 /* NoteTicks.swift */; };
		0998EB172B286BF30030F6B5 /* MicrophoneAccessAlert.swift in Sources */ = {isa = PBXBuildFile; fileRef = 0998EB0E2B286BF20030F6B5 /* MicrophoneAccessAlert.swift */; };
		0998EB182B286BF30030F6B5 /* TranspositionMenu.swift in Sources */ = {isa = PBXBuildFile; fileRef = 0998EB0F2B286BF20030F6B5 /* TranspositionMenu.swift */; };
		0998EB192B286BF30030F6B5 /* ZenTunerView.swift in Sources */ = {isa = PBXBuildFile; fileRef = 0998EB102B286BF20030F6B5 /* ZenTunerView.swift */; };
		0998EB1A2B286BF30030F6B5 /* MainNoteView.swift in Sources */ = {isa = PBXBuildFile; fileRef = 0998EB112B286BF20030F6B5 /* MainNoteView.swift */; };
		0998EB1B2B286BF30030F6B5 /* MatchedNoteFrequency.swift in Sources */ = {isa = PBXBuildFile; fileRef = 0998EB122B286BF20030F6B5 /* MatchedNoteFrequency.swift */; };
		099B11322B1F52B800A78234 /* AudioKit in Frameworks */ = {isa = PBXBuildFile; productRef = 099B11312B1F52B800A78234 /* AudioKit */; };
		099B11352B1F582700A78234 /* SoundpipeAudioKit in Frameworks */ = {isa = PBXBuildFile; productRef = 099B11342B1F582700A78234 /* SoundpipeAudioKit */; };
		099B11372B1F589300A78234 /* SoundpipeAudioKit in Frameworks */ = {isa = PBXBuildFile; productRef = 099B11362B1F589300A78234 /* SoundpipeAudioKit */; };
		09D67A522AEFA8A500F99553 /* AppDelegate.swift in Sources */ = {isa = PBXBuildFile; fileRef = 09D67A512AEFA8A500F99553 /* AppDelegate.swift */; };
		09D67A542AEFA8A500F99553 /* SceneDelegate.swift in Sources */ = {isa = PBXBuildFile; fileRef = 09D67A532AEFA8A500F99553 /* SceneDelegate.swift */; };
		09D67A562AEFA8A500F99553 /* ViewController.swift in Sources */ = {isa = PBXBuildFile; fileRef = 09D67A552AEFA8A500F99553 /* ViewController.swift */; };
		09D67A592AEFA8A500F99553 /* Main.storyboard in Resources */ = {isa = PBXBuildFile; fileRef = 09D67A572AEFA8A500F99553 /* Main.storyboard */; };
		09D67A5B2AEFA8A700F99553 /* Assets.xcassets in Resources */ = {isa = PBXBuildFile; fileRef = 09D67A5A2AEFA8A700F99553 /* Assets.xcassets */; };
		09D67A5E2AEFA8A700F99553 /* LaunchScreen.storyboard in Resources */ = {isa = PBXBuildFile; fileRef = 09D67A5C2AEFA8A700F99553 /* LaunchScreen.storyboard */; };
		09D67A6A2AEFAD2300F99553 /* TunaViewController.swift in Sources */ = {isa = PBXBuildFile; fileRef = 09D67A692AEFAD2300F99553 /* TunaViewController.swift */; };
		09D67A6C2AEFAE2700F99553 /* TunaViewController.storyboard in Resources */ = {isa = PBXBuildFile; fileRef = 09D67A6B2AEFAE2700F99553 /* TunaViewController.storyboard */; };
		09D67A6F2AEFBA2D00F99553 /* Tuna in Frameworks */ = {isa = PBXBuildFile; productRef = 09D67A6E2AEFBA2D00F99553 /* Tuna */; };
/* End PBXBuildFile section */

/* Begin PBXFileReference section */
		095D62B62B2996560064CF12 /* SciTunerViewController.swift */ = {isa = PBXFileReference; fileEncoding = 4; lastKnownFileType = sourcecode.swift; path = SciTunerViewController.swift; sourceTree = "<group>"; };
		095D62B82B2996560064CF12 /* en */ = {isa = PBXFileReference; lastKnownFileType = text.plist.strings; name = en; path = en.lproj/Localizable.strings; sourceTree = "<group>"; };
		095D62BA2B2996560064CF12 /* TubeScene.swift */ = {isa = PBXFileReference; fileEncoding = 4; lastKnownFileType = sourcecode.swift; path = TubeScene.swift; sourceTree = "<group>"; };
		095D62BC2B2996560064CF12 /* Tuning.swift */ = {isa = PBXFileReference; fileEncoding = 4; lastKnownFileType = sourcecode.swift; path = Tuning.swift; sourceTree = "<group>"; };
		095D62BD2B2996560064CF12 /* Pitch.swift */ = {isa = PBXFileReference; fileEncoding = 4; lastKnownFileType = sourcecode.swift; path = Pitch.swift; sourceTree = "<group>"; };
		095D62BE2B2996560064CF12 /* Fret.swift */ = {isa = PBXFileReference; fileEncoding = 4; lastKnownFileType = sourcecode.swift; path = Fret.swift; sourceTree = "<group>"; };
		095D62BF2B2996560064CF12 /* Smoothing.swift */ = {isa = PBXFileReference; fileEncoding = 4; lastKnownFileType = sourcecode.swift; path = Smoothing.swift; sourceTree = "<group>"; };
		095D62C02B2996560064CF12 /* Instrument.swift */ = {isa = PBXFileReference; fileEncoding = 4; lastKnownFileType = sourcecode.swift; path = Instrument.swift; sourceTree = "<group>"; };
		095D62C12B2996560064CF12 /* Processing.swift */ = {isa = PBXFileReference; fileEncoding = 4; lastKnownFileType = sourcecode.swift; path = Processing.swift; sourceTree = "<group>"; };
		095D62C22B2996560064CF12 /* Microphone.swift */ = {isa = PBXFileReference; fileEncoding = 4; lastKnownFileType = sourcecode.swift; path = Microphone.swift; sourceTree = "<group>"; };
		095D62C32B2996560064CF12 /* Note.swift */ = {isa = PBXFileReference; fileEncoding = 4; lastKnownFileType = sourcecode.swift; path = Note.swift; sourceTree = "<group>"; };
		095D62C42B2996560064CF12 /* Settings.swift */ = {isa = PBXFileReference; fileEncoding = 4; lastKnownFileType = sourcecode.swift; path = Settings.swift; sourceTree = "<group>"; };
		095D62C52B2996560064CF12 /* Filter.swift */ = {isa = PBXFileReference; fileEncoding = 4; lastKnownFileType = sourcecode.swift; path = Filter.swift; sourceTree = "<group>"; };
		095D62C62B2996560064CF12 /* Style.swift */ = {isa = PBXFileReference; fileEncoding = 4; lastKnownFileType = sourcecode.swift; path = Style.swift; sourceTree = "<group>"; };
		095D62C72B2996560064CF12 /* SciTuner.swift */ = {isa = PBXFileReference; fileEncoding = 4; lastKnownFileType = sourcecode.swift; path = SciTuner.swift; sourceTree = "<group>"; };
		095D62C82B2996560064CF12 /* HarmonicDetector.swift */ = {isa = PBXFileReference; fileEncoding = 4; lastKnownFileType = sourcecode.swift; path = HarmonicDetector.swift; sourceTree = "<group>"; };
		095D62CC2B2996560064CF12 /* FretsAlertController.swift */ = {isa = PBXFileReference; fileEncoding = 4; lastKnownFileType = sourcecode.swift; path = FretsAlertController.swift; sourceTree = "<group>"; };
		095D62CD2B2996560064CF12 /* FiltersAlertController.swift */ = {isa = PBXFileReference; fileEncoding = 4; lastKnownFileType = sourcecode.swift; path = FiltersAlertController.swift; sourceTree = "<group>"; };
		095D62CE2B2996560064CF12 /* InstrumentsAlertController.swift */ = {isa = PBXFileReference; fileEncoding = 4; lastKnownFileType = sourcecode.swift; path = InstrumentsAlertController.swift; sourceTree = "<group>"; };
		095D62CF2B2996560064CF12 /* TunerViewController.swift */ = {isa = PBXFileReference; fileEncoding = 4; lastKnownFileType = sourcecode.swift; path = TunerViewController.swift; sourceTree = "<group>"; };
		095D62D02B2996560064CF12 /* SettingsViewController.swift */ = {isa = PBXFileReference; fileEncoding = 4; lastKnownFileType = sourcecode.swift; path = SettingsViewController.swift; sourceTree = "<group>"; };
		095D62D32B2996560064CF12 /* ru */ = {isa = PBXFileReference; lastKnownFileType = text.plist.strings; name = ru; path = ru.lproj/LaunchScreen.strings; sourceTree = "<group>"; };
		095D62D42B2996560064CF12 /* ru */ = {isa = PBXFileReference; lastKnownFileType = text.plist.strings; name = ru; path = ru.lproj/Localizable.strings; sourceTree = "<group>"; };
		095D62D52B2996560064CF12 /* scituner-Bridging-Header.h */ = {isa = PBXFileReference; fileEncoding = 4; lastKnownFileType = sourcecode.c.h; path = "scituner-Bridging-Header.h"; sourceTree = "<group>"; };
		095D62D72B2996560064CF12 /* Gradient.png */ = {isa = PBXFileReference; lastKnownFileType = image.png; path = Gradient.png; sourceTree = "<group>"; };
		095D62DA2B2996560064CF12 /* CustomButton.swift */ = {isa = PBXFileReference; fileEncoding = 4; lastKnownFileType = sourcecode.swift; path = CustomButton.swift; sourceTree = "<group>"; };
		095D62DB2B2996560064CF12 /* TuningView.swift */ = {isa = PBXFileReference; fileEncoding = 4; lastKnownFileType = sourcecode.swift; path = TuningView.swift; sourceTree = "<group>"; };
		095D62DC2B2996560064CF12 /* PointerView.swift */ = {isa = PBXFileReference; fileEncoding = 4; lastKnownFileType = sourcecode.swift; path = PointerView.swift; sourceTree = "<group>"; };
		095D62DD2B2996560064CF12 /* FineTuningView.swift */ = {isa = PBXFileReference; fileEncoding = 4; lastKnownFileType = sourcecode.swift; path = FineTuningView.swift; sourceTree = "<group>"; };
		095D62DE2B2996560064CF12 /* ModebarView.swift */ = {isa = PBXFileReference; fileEncoding = 4; lastKnownFileType = sourcecode.swift; path = ModebarView.swift; sourceTree = "<group>"; };
		095D62E02B2996560064CF12 /* processing.c */ = {isa = PBXFileReference; fileEncoding = 4; lastKnownFileType = sourcecode.c.c; path = processing.c; sourceTree = "<group>"; };
		095D62E12B2996560064CF12 /* dspmath.h */ = {isa = PBXFileReference; fileEncoding = 4; lastKnownFileType = sourcecode.c.h; path = dspmath.h; sourceTree = "<group>"; };
		095D62E22B2996560064CF12 /* micsource.h */ = {isa = PBXFileReference; fileEncoding = 4; lastKnownFileType = sourcecode.c.h; path = micsource.h; sourceTree = "<group>"; };
		095D62E32B2996560064CF12 /* processing.h */ = {isa = PBXFileReference; fileEncoding = 4; lastKnownFileType = sourcecode.c.h; path = processing.h; sourceTree = "<group>"; };
		095D62E42B2996560064CF12 /* micsource.c */ = {isa = PBXFileReference; fileEncoding = 4; lastKnownFileType = sourcecode.c.c; path = micsource.c; sourceTree = "<group>"; };
		095D62E52B2996560064CF12 /* dspmath.c */ = {isa = PBXFileReference; fileEncoding = 4; lastKnownFileType = sourcecode.c.c; path = dspmath.c; sourceTree = "<group>"; };
		095D62E72B2996560064CF12 /* UIColor+Hex.swift */ = {isa = PBXFileReference; fileEncoding = 4; lastKnownFileType = sourcecode.swift; path = "UIColor+Hex.swift"; sourceTree = "<group>"; };
		095D62E82B2996560064CF12 /* String+Localization.swift */ = {isa = PBXFileReference; fileEncoding = 4; lastKnownFileType = sourcecode.swift; path = "String+Localization.swift"; sourceTree = "<group>"; };
		096618FE2B1F971F009E4B42 /* Tuner.swift */ = {isa = PBXFileReference; lastKnownFileType = sourcecode.swift; path = Tuner.swift; sourceTree = "<group>"; };
		09687B2A2B21B19E006EE082 /* TunerView.swift */ = {isa = PBXFileReference; lastKnownFileType = sourcecode.swift; path = TunerView.swift; sourceTree = "<group>"; };
		0998EAF32B2866D80030F6B5 /* MicrophonePitchDetector */ = {isa = PBXFileReference; lastKnownFileType = wrapper; path = MicrophonePitchDetector; sourceTree = "<group>"; };
		0998EAF62B2869B30030F6B5 /* TunerScreen.swift */ = {isa = PBXFileReference; fileEncoding = 4; lastKnownFileType = sourcecode.swift; path = TunerScreen.swift; sourceTree = "<group>"; };
		0998EAFC2B286B880030F6B5 /* Alignment.swift */ = {isa = PBXFileReference; fileEncoding = 4; lastKnownFileType = sourcecode.swift; path = Alignment.swift; sourceTree = "<group>"; };
		0998EAFD2B286B880030F6B5 /* Color+MusicalDistance.swift */ = {isa = PBXFileReference; fileEncoding = 4; lastKnownFileType = sourcecode.swift; path = "Color+MusicalDistance.swift"; sourceTree = "<group>"; };
		0998EB012B286BC80030F6B5 /* ModifierPreference.swift */ = {isa = PBXFileReference; fileEncoding = 4; lastKnownFileType = sourcecode.swift; path = ModifierPreference.swift; sourceTree = "<group>"; };
		0998EB022B286BC80030F6B5 /* Frequency.swift */ = {isa = PBXFileReference; fileEncoding = 4; lastKnownFileType = sourcecode.swift; path = Frequency.swift; sourceTree = "<group>"; };
		0998EB032B286BC80030F6B5 /* ScaleNote.swift */ = {isa = PBXFileReference; fileEncoding = 4; lastKnownFileType = sourcecode.swift; path = ScaleNote.swift; sourceTree = "<group>"; };
		0998EB042B286BC80030F6B5 /* ZenTunerData.swift */ = {isa = PBXFileReference; fileEncoding = 4; lastKnownFileType = sourcecode.swift; path = ZenTunerData.swift; sourceTree = "<group>"; };
		0998EB0A2B286BF20030F6B5 /* CurrentNoteMarker.swift */ = {isa = PBXFileReference; fileEncoding = 4; lastKnownFileType = sourcecode.swift; path = CurrentNoteMarker.swift; sourceTree = "<group>"; };
		0998EB0B2B286BF20030F6B5 /* MatchedNoteView.swift */ = {isa = PBXFileReference; fileEncoding = 4; lastKnownFileType = sourcecode.swift; path = MatchedNoteView.swift; sourceTree = "<group>"; };
		0998EB0C2B286BF20030F6B5 /* NoteDistanceMarkers.swift */ = {isa = PBXFileReference; fileEncoding = 4; lastKnownFileType = sourcecode.swift; path = NoteDistanceMarkers.swift; sourceTree = "<group>"; };
		0998EB0D2B286BF20030F6B5 /* NoteTicks.swift */ = {isa = PBXFileReference; fileEncoding = 4; lastKnownFileType = sourcecode.swift; path = NoteTicks.swift; sourceTree = "<group>"; };
		0998EB0E2B286BF20030F6B5 /* MicrophoneAccessAlert.swift */ = {isa = PBXFileReference; fileEncoding = 4; lastKnownFileType = sourcecode.swift; path = MicrophoneAccessAlert.swift; sourceTree = "<group>"; };
		0998EB0F2B286BF20030F6B5 /* TranspositionMenu.swift */ = {isa = PBXFileReference; fileEncoding = 4; lastKnownFileType = sourcecode.swift; path = TranspositionMenu.swift; sourceTree = "<group>"; };
		0998EB102B286BF20030F6B5 /* ZenTunerView.swift */ = {isa = PBXFileReference; fileEncoding = 4; lastKnownFileType = sourcecode.swift; path = ZenTunerView.swift; sourceTree = "<group>"; };
		0998EB112B286BF20030F6B5 /* MainNoteView.swift */ = {isa = PBXFileReference; fileEncoding = 4; lastKnownFileType = sourcecode.swift; path = MainNoteView.swift; sourceTree = "<group>"; };
		0998EB122B286BF20030F6B5 /* MatchedNoteFrequency.swift */ = {isa = PBXFileReference; fileEncoding = 4; lastKnownFileType = sourcecode.swift; path = MatchedNoteFrequency.swift; sourceTree = "<group>"; };
		09D67A4E2AEFA8A500F99553 /* SoundLibTest.app */ = {isa = PBXFileReference; explicitFileType = wrapper.application; includeInIndex = 0; path = SoundLibTest.app; sourceTree = BUILT_PRODUCTS_DIR; };
		09D67A512AEFA8A500F99553 /* AppDelegate.swift */ = {isa = PBXFileReference; lastKnownFileType = sourcecode.swift; path = AppDelegate.swift; sourceTree = "<group>"; };
		09D67A532AEFA8A500F99553 /* SceneDelegate.swift */ = {isa = PBXFileReference; lastKnownFileType = sourcecode.swift; path = SceneDelegate.swift; sourceTree = "<group>"; };
		09D67A552AEFA8A500F99553 /* ViewController.swift */ = {isa = PBXFileReference; lastKnownFileType = sourcecode.swift; path = ViewController.swift; sourceTree = "<group>"; };
		09D67A582AEFA8A500F99553 /* Base */ = {isa = PBXFileReference; lastKnownFileType = file.storyboard; name = Base; path = Base.lproj/Main.storyboard; sourceTree = "<group>"; };
		09D67A5A2AEFA8A700F99553 /* Assets.xcassets */ = {isa = PBXFileReference; lastKnownFileType = folder.assetcatalog; path = Assets.xcassets; sourceTree = "<group>"; };
		09D67A5D2AEFA8A700F99553 /* Base */ = {isa = PBXFileReference; lastKnownFileType = file.storyboard; name = Base; path = Base.lproj/LaunchScreen.storyboard; sourceTree = "<group>"; };
		09D67A5F2AEFA8A700F99553 /* Info.plist */ = {isa = PBXFileReference; lastKnownFileType = text.plist.xml; path = Info.plist; sourceTree = "<group>"; };
		09D67A692AEFAD2300F99553 /* TunaViewController.swift */ = {isa = PBXFileReference; lastKnownFileType = sourcecode.swift; path = TunaViewController.swift; sourceTree = "<group>"; };
		09D67A6B2AEFAE2700F99553 /* TunaViewController.storyboard */ = {isa = PBXFileReference; lastKnownFileType = file.storyboard; path = TunaViewController.storyboard; sourceTree = "<group>"; };
/* End PBXFileReference section */

/* Begin PBXFrameworksBuildPhase section */
		09D67A4B2AEFA8A500F99553 /* Frameworks */ = {
			isa = PBXFrameworksBuildPhase;
			buildActionMask = 2147483647;
			files = (
				095D63132B299A140064CF12 /* RealmSwift in Frameworks */,
				095D63112B299A140064CF12 /* Realm in Frameworks */,
				099B11322B1F52B800A78234 /* AudioKit in Frameworks */,
				099B11372B1F589300A78234 /* SoundpipeAudioKit in Frameworks */,
				09D67A6F2AEFBA2D00F99553 /* Tuna in Frameworks */,
				099B11352B1F582700A78234 /* SoundpipeAudioKit in Frameworks */,
				094296EA2B2846B500F22E8D /* AudioKitUI in Frameworks */,
				0998EAFA2B286B1F0030F6B5 /* MicrophonePitchDetector in Frameworks */,
			);
			runOnlyForDeploymentPostprocessing = 0;
		};
/* End PBXFrameworksBuildPhase section */

/* Begin PBXGroup section */
		095D62B42B29963F0064CF12 /* SciTuner */ = {
			isa = PBXGroup;
			children = (
				095D62B62B2996560064CF12 /* SciTunerViewController.swift */,
				095D62B72B2996560064CF12 /* Localizable.strings */,
				095D62B92B2996560064CF12 /* Scenes */,
				095D62BB2B2996560064CF12 /* Models */,
				095D62CB2B2996560064CF12 /* ViewControllers */,
				095D62D22B2996560064CF12 /* LaunchScreen.strings */,
				095D62D52B2996560064CF12 /* scituner-Bridging-Header.h */,
				095D62D62B2996560064CF12 /* Sprites */,
				095D62D92B2996560064CF12 /* Views */,
				095D62DF2B2996560064CF12 /* DSP */,
				095D62E62B2996560064CF12 /* Helpers */,
			);
			path = SciTuner;
			sourceTree = "<group>";
		};
		095D62B92B2996560064CF12 /* Scenes */ = {
			isa = PBXGroup;
			children = (
				095D62BA2B2996560064CF12 /* TubeScene.swift */,
			);
			path = Scenes;
			sourceTree = "<group>";
		};
		095D62BB2B2996560064CF12 /* Models */ = {
			isa = PBXGroup;
			children = (
				095D62BC2B2996560064CF12 /* Tuning.swift */,
				095D62BD2B2996560064CF12 /* Pitch.swift */,
				095D62BE2B2996560064CF12 /* Fret.swift */,
				095D62BF2B2996560064CF12 /* Smoothing.swift */,
				095D62C02B2996560064CF12 /* Instrument.swift */,
				095D62C12B2996560064CF12 /* Processing.swift */,
				095D62C22B2996560064CF12 /* Microphone.swift */,
				095D62C32B2996560064CF12 /* Note.swift */,
				095D62C42B2996560064CF12 /* Settings.swift */,
				095D62C52B2996560064CF12 /* Filter.swift */,
				095D62C62B2996560064CF12 /* Style.swift */,
				095D62C72B2996560064CF12 /* SciTuner.swift */,
				095D62C82B2996560064CF12 /* HarmonicDetector.swift */,
			);
			path = Models;
			sourceTree = "<group>";
		};
		095D62CB2B2996560064CF12 /* ViewControllers */ = {
			isa = PBXGroup;
			children = (
				095D62CC2B2996560064CF12 /* FretsAlertController.swift */,
				095D62CD2B2996560064CF12 /* FiltersAlertController.swift */,
				095D62CE2B2996560064CF12 /* InstrumentsAlertController.swift */,
				095D62CF2B2996560064CF12 /* TunerViewController.swift */,
				095D62D02B2996560064CF12 /* SettingsViewController.swift */,
			);
			path = ViewControllers;
			sourceTree = "<group>";
		};
		095D62D62B2996560064CF12 /* Sprites */ = {
			isa = PBXGroup;
			children = (
				095D62D72B2996560064CF12 /* Gradient.png */,
			);
			path = Sprites;
			sourceTree = "<group>";
		};
		095D62D92B2996560064CF12 /* Views */ = {
			isa = PBXGroup;
			children = (
				095D62DA2B2996560064CF12 /* CustomButton.swift */,
				095D62DB2B2996560064CF12 /* TuningView.swift */,
				095D62DC2B2996560064CF12 /* PointerView.swift */,
				095D62DD2B2996560064CF12 /* FineTuningView.swift */,
				095D62DE2B2996560064CF12 /* ModebarView.swift */,
			);
			path = Views;
			sourceTree = "<group>";
		};
		095D62DF2B2996560064CF12 /* DSP */ = {
			isa = PBXGroup;
			children = (
				095D62E02B2996560064CF12 /* processing.c */,
				095D62E12B2996560064CF12 /* dspmath.h */,
				095D62E22B2996560064CF12 /* micsource.h */,
				095D62E32B2996560064CF12 /* processing.h */,
				095D62E42B2996560064CF12 /* micsource.c */,
				095D62E52B2996560064CF12 /* dspmath.c */,
			);
			path = DSP;
			sourceTree = "<group>";
		};
		095D62E62B2996560064CF12 /* Helpers */ = {
			isa = PBXGroup;
			children = (
				095D62E72B2996560064CF12 /* UIColor+Hex.swift */,
				095D62E82B2996560064CF12 /* String+Localization.swift */,
			);
			path = Helpers;
			sourceTree = "<group>";
		};
		0998EAF22B2866D80030F6B5 /* Packages */ = {
			isa = PBXGroup;
			children = (
				0998EAF32B2866D80030F6B5 /* MicrophonePitchDetector */,
			);
			name = Packages;
			path = "../../ZenTuner-main/Packages";
			sourceTree = "<group>";
		};
		0998EAF52B2867050030F6B5 /* ZenTuner */ = {
			isa = PBXGroup;
			children = (
				0998EB092B286BF20030F6B5 /* Views */,
				0998EB002B286BC80030F6B5 /* Models */,
				0998EAFB2B286B880030F6B5 /* Helpers */,
				0998EAF62B2869B30030F6B5 /* TunerScreen.swift */,
			);
			path = ZenTuner;
			sourceTree = "<group>";
		};
		0998EAF82B286B1E0030F6B5 /* Frameworks */ = {
			isa = PBXGroup;
			children = (
			);
			name = Frameworks;
			sourceTree = "<group>";
		};
		0998EAFB2B286B880030F6B5 /* Helpers */ = {
			isa = PBXGroup;
			children = (
				0998EAFC2B286B880030F6B5 /* Alignment.swift */,
				0998EAFD2B286B880030F6B5 /* Color+MusicalDistance.swift */,
			);
			path = Helpers;
			sourceTree = "<group>";
		};
		0998EB002B286BC80030F6B5 /* Models */ = {
			isa = PBXGroup;
			children = (
				0998EB012B286BC80030F6B5 /* ModifierPreference.swift */,
				0998EB022B286BC80030F6B5 /* Frequency.swift */,
				0998EB032B286BC80030F6B5 /* ScaleNote.swift */,
				0998EB042B286BC80030F6B5 /* ZenTunerData.swift */,
			);
			path = Models;
			sourceTree = "<group>";
		};
		0998EB092B286BF20030F6B5 /* Views */ = {
			isa = PBXGroup;
			children = (
				0998EB0A2B286BF20030F6B5 /* CurrentNoteMarker.swift */,
				0998EB0B2B286BF20030F6B5 /* MatchedNoteView.swift */,
				0998EB0C2B286BF20030F6B5 /* NoteDistanceMarkers.swift */,
				0998EB0D2B286BF20030F6B5 /* NoteTicks.swift */,
				0998EB0E2B286BF20030F6B5 /* MicrophoneAccessAlert.swift */,
				0998EB0F2B286BF20030F6B5 /* TranspositionMenu.swift */,
				0998EB102B286BF20030F6B5 /* ZenTunerView.swift */,
				0998EB112B286BF20030F6B5 /* MainNoteView.swift */,
				0998EB122B286BF20030F6B5 /* MatchedNoteFrequency.swift */,
			);
			path = Views;
			sourceTree = "<group>";
		};
		099B11232B1F362400A78234 /* TuningFork */ = {
			isa = PBXGroup;
			children = (
				096618FE2B1F971F009E4B42 /* Tuner.swift */,
				09687B2A2B21B19E006EE082 /* TunerView.swift */,
			);
			name = TuningFork;
			sourceTree = "<group>";
		};
		09D67A452AEFA8A500F99553 = {
			isa = PBXGroup;
			children = (
				09D67A502AEFA8A500F99553 /* SoundLibTest */,
				09D67A4F2AEFA8A500F99553 /* Products */,
				0998EAF82B286B1E0030F6B5 /* Frameworks */,
			);
			sourceTree = "<group>";
		};
		09D67A4F2AEFA8A500F99553 /* Products */ = {
			isa = PBXGroup;
			children = (
				09D67A4E2AEFA8A500F99553 /* SoundLibTest.app */,
			);
			name = Products;
			sourceTree = "<group>";
		};
		09D67A502AEFA8A500F99553 /* SoundLibTest */ = {
			isa = PBXGroup;
			children = (
				095D62B42B29963F0064CF12 /* SciTuner */,
				0998EAF52B2867050030F6B5 /* ZenTuner */,
				0998EAF22B2866D80030F6B5 /* Packages */,
				099B11232B1F362400A78234 /* TuningFork */,
				09D67A682AEFAD0300F99553 /* Tuna */,
				09D67A652AEFA8B400F99553 /* Application */,
				09D67A672AEFAA5600F99553 /* Main */,
				09D67A662AEFA8D100F99553 /* Resources */,
			);
			path = SoundLibTest;
			sourceTree = "<group>";
		};
		09D67A652AEFA8B400F99553 /* Application */ = {
			isa = PBXGroup;
			children = (
				09D67A512AEFA8A500F99553 /* AppDelegate.swift */,
				09D67A532AEFA8A500F99553 /* SceneDelegate.swift */,
			);
			path = Application;
			sourceTree = "<group>";
		};
		09D67A662AEFA8D100F99553 /* Resources */ = {
			isa = PBXGroup;
			children = (
				09D67A5A2AEFA8A700F99553 /* Assets.xcassets */,
				09D67A5C2AEFA8A700F99553 /* LaunchScreen.storyboard */,
				09D67A5F2AEFA8A700F99553 /* Info.plist */,
			);
			path = Resources;
			sourceTree = "<group>";
		};
		09D67A672AEFAA5600F99553 /* Main */ = {
			isa = PBXGroup;
			children = (
				09D67A552AEFA8A500F99553 /* ViewController.swift */,
				09D67A572AEFA8A500F99553 /* Main.storyboard */,
			);
			path = Main;
			sourceTree = "<group>";
		};
		09D67A682AEFAD0300F99553 /* Tuna */ = {
			isa = PBXGroup;
			children = (
				09D67A692AEFAD2300F99553 /* TunaViewController.swift */,
				09D67A6B2AEFAE2700F99553 /* TunaViewController.storyboard */,
			);
			path = Tuna;
			sourceTree = "<group>";
		};
/* End PBXGroup section */

/* Begin PBXNativeTarget section */
		09D67A4D2AEFA8A500F99553 /* SoundLibTest */ = {
			isa = PBXNativeTarget;
			buildConfigurationList = 09D67A622AEFA8A700F99553 /* Build configuration list for PBXNativeTarget "SoundLibTest" */;
			buildPhases = (
				09D67A4A2AEFA8A500F99553 /* Sources */,
				09D67A4B2AEFA8A500F99553 /* Frameworks */,
				09D67A4C2AEFA8A500F99553 /* Resources */,
			);
			buildRules = (
			);
			dependencies = (
			);
			name = SoundLibTest;
			packageProductDependencies = (
				09D67A6E2AEFBA2D00F99553 /* Tuna */,
				099B11312B1F52B800A78234 /* AudioKit */,
				099B11342B1F582700A78234 /* SoundpipeAudioKit */,
				099B11362B1F589300A78234 /* SoundpipeAudioKit */,
				094296E92B2846B500F22E8D /* AudioKitUI */,
				0998EAF92B286B1F0030F6B5 /* MicrophonePitchDetector */,
				095D63102B299A140064CF12 /* Realm */,
				095D63122B299A140064CF12 /* RealmSwift */,
			);
			productName = SoundLibTest;
			productReference = 09D67A4E2AEFA8A500F99553 /* SoundLibTest.app */;
			productType = "com.apple.product-type.application";
		};
/* End PBXNativeTarget section */

/* Begin PBXProject section */
		09D67A462AEFA8A500F99553 /* Project object */ = {
			isa = PBXProject;
			attributes = {
				BuildIndependentTargetsInParallel = 1;
				LastSwiftUpdateCheck = 1500;
				LastUpgradeCheck = 1500;
				TargetAttributes = {
					09D67A4D2AEFA8A500F99553 = {
						CreatedOnToolsVersion = 15.0.1;
					};
				};
			};
			buildConfigurationList = 09D67A492AEFA8A500F99553 /* Build configuration list for PBXProject "SoundLibTest" */;
			compatibilityVersion = "Xcode 14.0";
			developmentRegion = en;
			hasScannedForEncodings = 0;
			knownRegions = (
				en,
				Base,
				ru,
			);
			mainGroup = 09D67A452AEFA8A500F99553;
			packageReferences = (
				09D67A6D2AEFBA2D00F99553 /* XCRemoteSwiftPackageReference "Tuna" */,
				099B11302B1F52B800A78234 /* XCRemoteSwiftPackageReference "AudioKit" */,
				099B11332B1F582700A78234 /* XCRemoteSwiftPackageReference "SoundpipeAudioKit" */,
				094296E82B2846B500F22E8D /* XCRemoteSwiftPackageReference "AudioKitUI" */,
				095D630F2B299A140064CF12 /* XCRemoteSwiftPackageReference "realm-swift" */,
			);
			productRefGroup = 09D67A4F2AEFA8A500F99553 /* Products */;
			projectDirPath = "";
			projectRoot = "";
			targets = (
				09D67A4D2AEFA8A500F99553 /* SoundLibTest */,
			);
		};
/* End PBXProject section */

/* Begin PBXResourcesBuildPhase section */
		09D67A4C2AEFA8A500F99553 /* Resources */ = {
			isa = PBXResourcesBuildPhase;
			buildActionMask = 2147483647;
			files = (
				09D67A5E2AEFA8A700F99553 /* LaunchScreen.storyboard in Resources */,
				09D67A5B2AEFA8A700F99553 /* Assets.xcassets in Resources */,
				095D63012B2996560064CF12 /* LaunchScreen.strings in Resources */,
				095D62EB2B2996560064CF12 /* Localizable.strings in Resources */,
				095D63022B2996560064CF12 /* Gradient.png in Resources */,
				09D67A592AEFA8A500F99553 /* Main.storyboard in Resources */,
				09D67A6C2AEFAE2700F99553 /* TunaViewController.storyboard in Resources */,
				0998EAF42B2866D80030F6B5 /* MicrophonePitchDetector in Resources */,
			);
			runOnlyForDeploymentPostprocessing = 0;
		};
/* End PBXResourcesBuildPhase section */

/* Begin PBXSourcesBuildPhase section */
		09D67A4A2AEFA8A500F99553 /* Sources */ = {
			isa = PBXSourcesBuildPhase;
			buildActionMask = 2147483647;
			files = (
				095D63092B2996560064CF12 /* processing.c in Sources */,
				095D63082B2996560064CF12 /* ModebarView.swift in Sources */,
				095D63072B2996560064CF12 /* FineTuningView.swift in Sources */,
				09687B2B2B21B19E006EE082 /* TunerView.swift in Sources */,
				095D62FD2B2996560064CF12 /* InstrumentsAlertController.swift in Sources */,
				0998EB1A2B286BF30030F6B5 /* MainNoteView.swift in Sources */,
				0998EB172B286BF30030F6B5 /* MicrophoneAccessAlert.swift in Sources */,
				0998EB052B286BC80030F6B5 /* ModifierPreference.swift in Sources */,
				095D62ED2B2996560064CF12 /* Tuning.swift in Sources */,
				0998EAFF2B286B880030F6B5 /* Color+MusicalDistance.swift in Sources */,
				0998EAFE2B286B880030F6B5 /* Alignment.swift in Sources */,
				095D63062B2996560064CF12 /* PointerView.swift in Sources */,
				095D62F72B2996560064CF12 /* Style.swift in Sources */,
				095D62EA2B2996560064CF12 /* SciTunerViewController.swift in Sources */,
				09D67A562AEFA8A500F99553 /* ViewController.swift in Sources */,
				095D630A2B2996560064CF12 /* micsource.c in Sources */,
				0998EAF72B2869B30030F6B5 /* TunerScreen.swift in Sources */,
				095D62F12B2996560064CF12 /* Instrument.swift in Sources */,
				095D62FE2B2996560064CF12 /* TunerViewController.swift in Sources */,
				095D630C2B2996560064CF12 /* UIColor+Hex.swift in Sources */,
				095D62F92B2996560064CF12 /* HarmonicDetector.swift in Sources */,
				0998EB082B286BC80030F6B5 /* ZenTunerData.swift in Sources */,
				0998EB182B286BF30030F6B5 /* TranspositionMenu.swift in Sources */,
				0998EB142B286BF30030F6B5 /* MatchedNoteView.swift in Sources */,
				0998EB072B286BC80030F6B5 /* ScaleNote.swift in Sources */,
				095D62EE2B2996560064CF12 /* Pitch.swift in Sources */,
				0998EB152B286BF30030F6B5 /* NoteDistanceMarkers.swift in Sources */,
				09D67A522AEFA8A500F99553 /* AppDelegate.swift in Sources */,
				095D62EC2B2996560064CF12 /* TubeScene.swift in Sources */,
				095D63052B2996560064CF12 /* TuningView.swift in Sources */,
				095D62F52B2996560064CF12 /* Settings.swift in Sources */,
				095D62F62B2996560064CF12 /* Filter.swift in Sources */,
				0998EB192B286BF30030F6B5 /* ZenTunerView.swift in Sources */,
				0998EB132B286BF30030F6B5 /* CurrentNoteMarker.swift in Sources */,
				095D630B2B2996560064CF12 /* dspmath.c in Sources */,
				095D63042B2996560064CF12 /* CustomButton.swift in Sources */,
				095D62F82B2996560064CF12 /* SciTuner.swift in Sources */,
				095D630D2B2996560064CF12 /* String+Localization.swift in Sources */,
				0998EB062B286BC80030F6B5 /* Frequency.swift in Sources */,
				0998EB162B286BF30030F6B5 /* NoteTicks.swift in Sources */,
				0998EB1B2B286BF30030F6B5 /* MatchedNoteFrequency.swift in Sources */,
				095D62F22B2996560064CF12 /* Processing.swift in Sources */,
				095D62FF2B2996560064CF12 /* SettingsViewController.swift in Sources */,
				09D67A6A2AEFAD2300F99553 /* TunaViewController.swift in Sources */,
				095D62FB2B2996560064CF12 /* FretsAlertController.swift in Sources */,
				096618FF2B1F971F009E4B42 /* Tuner.swift in Sources */,
				095D62F02B2996560064CF12 /* Smoothing.swift in Sources */,
				095D62F42B2996560064CF12 /* Note.swift in Sources */,
				095D62FC2B2996560064CF12 /* FiltersAlertController.swift in Sources */,
				095D62EF2B2996560064CF12 /* Fret.swift in Sources */,
				09D67A542AEFA8A500F99553 /* SceneDelegate.swift in Sources */,
				095D62F32B2996560064CF12 /* Microphone.swift in Sources */,
			);
			runOnlyForDeploymentPostprocessing = 0;
		};
/* End PBXSourcesBuildPhase section */

/* Begin PBXVariantGroup section */
		095D62B72B2996560064CF12 /* Localizable.strings */ = {
			isa = PBXVariantGroup;
			children = (
				095D62B82B2996560064CF12 /* en */,
				095D62D42B2996560064CF12 /* ru */,
			);
			name = Localizable.strings;
			sourceTree = "<group>";
		};
		095D62D22B2996560064CF12 /* LaunchScreen.strings */ = {
			isa = PBXVariantGroup;
			children = (
				095D62D32B2996560064CF12 /* ru */,
			);
			name = LaunchScreen.strings;
			sourceTree = "<group>";
		};
		09D67A572AEFA8A500F99553 /* Main.storyboard */ = {
			isa = PBXVariantGroup;
			children = (
				09D67A582AEFA8A500F99553 /* Base */,
			);
			name = Main.storyboard;
			sourceTree = "<group>";
		};
		09D67A5C2AEFA8A700F99553 /* LaunchScreen.storyboard */ = {
			isa = PBXVariantGroup;
			children = (
				09D67A5D2AEFA8A700F99553 /* Base */,
			);
			name = LaunchScreen.storyboard;
			sourceTree = "<group>";
		};
/* End PBXVariantGroup section */

/* Begin XCBuildConfiguration section */
		09D67A602AEFA8A700F99553 /* Debug */ = {
			isa = XCBuildConfiguration;
			buildSettings = {
				ALWAYS_SEARCH_USER_PATHS = NO;
				ASSETCATALOG_COMPILER_GENERATE_SWIFT_ASSET_SYMBOL_EXTENSIONS = YES;
				CLANG_ANALYZER_NONNULL = YES;
				CLANG_ANALYZER_NUMBER_OBJECT_CONVERSION = YES_AGGRESSIVE;
				CLANG_CXX_LANGUAGE_STANDARD = "gnu++20";
				CLANG_ENABLE_MODULES = YES;
				CLANG_ENABLE_OBJC_ARC = YES;
				CLANG_ENABLE_OBJC_WEAK = YES;
				CLANG_WARN_BLOCK_CAPTURE_AUTORELEASING = YES;
				CLANG_WARN_BOOL_CONVERSION = YES;
				CLANG_WARN_COMMA = YES;
				CLANG_WARN_CONSTANT_CONVERSION = YES;
				CLANG_WARN_DEPRECATED_OBJC_IMPLEMENTATIONS = YES;
				CLANG_WARN_DIRECT_OBJC_ISA_USAGE = YES_ERROR;
				CLANG_WARN_DOCUMENTATION_COMMENTS = YES;
				CLANG_WARN_EMPTY_BODY = YES;
				CLANG_WARN_ENUM_CONVERSION = YES;
				CLANG_WARN_INFINITE_RECURSION = YES;
				CLANG_WARN_INT_CONVERSION = YES;
				CLANG_WARN_NON_LITERAL_NULL_CONVERSION = YES;
				CLANG_WARN_OBJC_IMPLICIT_RETAIN_SELF = YES;
				CLANG_WARN_OBJC_LITERAL_CONVERSION = YES;
				CLANG_WARN_OBJC_ROOT_CLASS = YES_ERROR;
				CLANG_WARN_QUOTED_INCLUDE_IN_FRAMEWORK_HEADER = YES;
				CLANG_WARN_RANGE_LOOP_ANALYSIS = YES;
				CLANG_WARN_STRICT_PROTOTYPES = YES;
				CLANG_WARN_SUSPICIOUS_MOVE = YES;
				CLANG_WARN_UNGUARDED_AVAILABILITY = YES_AGGRESSIVE;
				CLANG_WARN_UNREACHABLE_CODE = YES;
				CLANG_WARN__DUPLICATE_METHOD_MATCH = YES;
				COPY_PHASE_STRIP = NO;
				DEBUG_INFORMATION_FORMAT = dwarf;
				ENABLE_STRICT_OBJC_MSGSEND = YES;
				ENABLE_TESTABILITY = YES;
				ENABLE_USER_SCRIPT_SANDBOXING = YES;
				GCC_C_LANGUAGE_STANDARD = gnu17;
				GCC_DYNAMIC_NO_PIC = NO;
				GCC_NO_COMMON_BLOCKS = YES;
				GCC_OPTIMIZATION_LEVEL = 0;
				GCC_PREPROCESSOR_DEFINITIONS = (
					"DEBUG=1",
					"$(inherited)",
				);
				GCC_WARN_64_TO_32_BIT_CONVERSION = YES;
				GCC_WARN_ABOUT_RETURN_TYPE = YES_ERROR;
				GCC_WARN_UNDECLARED_SELECTOR = YES;
				GCC_WARN_UNINITIALIZED_AUTOS = YES_AGGRESSIVE;
				GCC_WARN_UNUSED_FUNCTION = YES;
				GCC_WARN_UNUSED_VARIABLE = YES;
				IPHONEOS_DEPLOYMENT_TARGET = 17.0;
				LOCALIZATION_PREFERS_STRING_CATALOGS = YES;
				MTL_ENABLE_DEBUG_INFO = INCLUDE_SOURCE;
				MTL_FAST_MATH = YES;
				ONLY_ACTIVE_ARCH = YES;
				SDKROOT = iphoneos;
				SWIFT_ACTIVE_COMPILATION_CONDITIONS = "DEBUG $(inherited)";
				"SWIFT_OBJC_BRIDGING_HEADER[arch=*]" = "/Users/ilya/Desktop/SoundLibTest/SoundLibTest/SciTuner/scituner-Bridging-Header.h";
				SWIFT_OPTIMIZATION_LEVEL = "-Onone";
			};
			name = Debug;
		};
		09D67A612AEFA8A700F99553 /* Release */ = {
			isa = XCBuildConfiguration;
			buildSettings = {
				ALWAYS_SEARCH_USER_PATHS = NO;
				ASSETCATALOG_COMPILER_GENERATE_SWIFT_ASSET_SYMBOL_EXTENSIONS = YES;
				CLANG_ANALYZER_NONNULL = YES;
				CLANG_ANALYZER_NUMBER_OBJECT_CONVERSION = YES_AGGRESSIVE;
				CLANG_CXX_LANGUAGE_STANDARD = "gnu++20";
				CLANG_ENABLE_MODULES = YES;
				CLANG_ENABLE_OBJC_ARC = YES;
				CLANG_ENABLE_OBJC_WEAK = YES;
				CLANG_WARN_BLOCK_CAPTURE_AUTORELEASING = YES;
				CLANG_WARN_BOOL_CONVERSION = YES;
				CLANG_WARN_COMMA = YES;
				CLANG_WARN_CONSTANT_CONVERSION = YES;
				CLANG_WARN_DEPRECATED_OBJC_IMPLEMENTATIONS = YES;
				CLANG_WARN_DIRECT_OBJC_ISA_USAGE = YES_ERROR;
				CLANG_WARN_DOCUMENTATION_COMMENTS = YES;
				CLANG_WARN_EMPTY_BODY = YES;
				CLANG_WARN_ENUM_CONVERSION = YES;
				CLANG_WARN_INFINITE_RECURSION = YES;
				CLANG_WARN_INT_CONVERSION = YES;
				CLANG_WARN_NON_LITERAL_NULL_CONVERSION = YES;
				CLANG_WARN_OBJC_IMPLICIT_RETAIN_SELF = YES;
				CLANG_WARN_OBJC_LITERAL_CONVERSION = YES;
				CLANG_WARN_OBJC_ROOT_CLASS = YES_ERROR;
				CLANG_WARN_QUOTED_INCLUDE_IN_FRAMEWORK_HEADER = YES;
				CLANG_WARN_RANGE_LOOP_ANALYSIS = YES;
				CLANG_WARN_STRICT_PROTOTYPES = YES;
				CLANG_WARN_SUSPICIOUS_MOVE = YES;
				CLANG_WARN_UNGUARDED_AVAILABILITY = YES_AGGRESSIVE;
				CLANG_WARN_UNREACHABLE_CODE = YES;
				CLANG_WARN__DUPLICATE_METHOD_MATCH = YES;
				COPY_PHASE_STRIP = NO;
				DEBUG_INFORMATION_FORMAT = "dwarf-with-dsym";
				ENABLE_NS_ASSERTIONS = NO;
				ENABLE_STRICT_OBJC_MSGSEND = YES;
				ENABLE_USER_SCRIPT_SANDBOXING = YES;
				GCC_C_LANGUAGE_STANDARD = gnu17;
				GCC_NO_COMMON_BLOCKS = YES;
				GCC_WARN_64_TO_32_BIT_CONVERSION = YES;
				GCC_WARN_ABOUT_RETURN_TYPE = YES_ERROR;
				GCC_WARN_UNDECLARED_SELECTOR = YES;
				GCC_WARN_UNINITIALIZED_AUTOS = YES_AGGRESSIVE;
				GCC_WARN_UNUSED_FUNCTION = YES;
				GCC_WARN_UNUSED_VARIABLE = YES;
				IPHONEOS_DEPLOYMENT_TARGET = 17.0;
				LOCALIZATION_PREFERS_STRING_CATALOGS = YES;
				MTL_ENABLE_DEBUG_INFO = NO;
				MTL_FAST_MATH = YES;
				SDKROOT = iphoneos;
				SWIFT_COMPILATION_MODE = wholemodule;
				"SWIFT_OBJC_BRIDGING_HEADER[arch=*]" = "/Users/ilya/Desktop/SoundLibTest/SoundLibTest/SciTuner/scituner-Bridging-Header.h";
				VALIDATE_PRODUCT = YES;
			};
			name = Release;
		};
		09D67A632AEFA8A700F99553 /* Debug */ = {
			isa = XCBuildConfiguration;
			buildSettings = {
				ASSETCATALOG_COMPILER_APPICON_NAME = AppIcon;
				ASSETCATALOG_COMPILER_GLOBAL_ACCENT_COLOR_NAME = AccentColor;
				CODE_SIGN_STYLE = Automatic;
				CURRENT_PROJECT_VERSION = 1;
				DEVELOPMENT_TEAM = G5ZDRD88ZH;
				GENERATE_INFOPLIST_FILE = YES;
				INFOPLIST_FILE = SoundLibTest/Resources/Info.plist;
				INFOPLIST_KEY_UIApplicationSupportsIndirectInputEvents = YES;
				INFOPLIST_KEY_UILaunchStoryboardName = LaunchScreen;
				INFOPLIST_KEY_UIMainStoryboardFile = Main;
				INFOPLIST_KEY_UISupportedInterfaceOrientations_iPad = "UIInterfaceOrientationPortrait UIInterfaceOrientationPortraitUpsideDown UIInterfaceOrientationLandscapeLeft UIInterfaceOrientationLandscapeRight";
				INFOPLIST_KEY_UISupportedInterfaceOrientations_iPhone = "UIInterfaceOrientationPortrait UIInterfaceOrientationLandscapeLeft UIInterfaceOrientationLandscapeRight";
				IPHONEOS_DEPLOYMENT_TARGET = 16.0;
				LD_RUNPATH_SEARCH_PATHS = (
					"$(inherited)",
					"@executable_path/Frameworks",
				);
				MARKETING_VERSION = 1.0;
				PRODUCT_BUNDLE_IDENTIFIER = ilka.SoundLibTest;
				PRODUCT_NAME = "$(TARGET_NAME)";
				SWIFT_EMIT_LOC_STRINGS = YES;
				SWIFT_VERSION = 5.0;
				TARGETED_DEVICE_FAMILY = "1,2";
			};
			name = Debug;
		};
		09D67A642AEFA8A700F99553 /* Release */ = {
			isa = XCBuildConfiguration;
			buildSettings = {
				ASSETCATALOG_COMPILER_APPICON_NAME = AppIcon;
				ASSETCATALOG_COMPILER_GLOBAL_ACCENT_COLOR_NAME = AccentColor;
				CODE_SIGN_STYLE = Automatic;
				CURRENT_PROJECT_VERSION = 1;
				DEVELOPMENT_TEAM = G5ZDRD88ZH;
				GENERATE_INFOPLIST_FILE = YES;
				INFOPLIST_FILE = SoundLibTest/Resources/Info.plist;
				INFOPLIST_KEY_UIApplicationSupportsIndirectInputEvents = YES;
				INFOPLIST_KEY_UILaunchStoryboardName = LaunchScreen;
				INFOPLIST_KEY_UIMainStoryboardFile = Main;
				INFOPLIST_KEY_UISupportedInterfaceOrientations_iPad = "UIInterfaceOrientationPortrait UIInterfaceOrientationPortraitUpsideDown UIInterfaceOrientationLandscapeLeft UIInterfaceOrientationLandscapeRight";
				INFOPLIST_KEY_UISupportedInterfaceOrientations_iPhone = "UIInterfaceOrientationPortrait UIInterfaceOrientationLandscapeLeft UIInterfaceOrientationLandscapeRight";
				IPHONEOS_DEPLOYMENT_TARGET = 16.0;
				LD_RUNPATH_SEARCH_PATHS = (
					"$(inherited)",
					"@executable_path/Frameworks",
				);
				MARKETING_VERSION = 1.0;
				PRODUCT_BUNDLE_IDENTIFIER = ilka.SoundLibTest;
				PRODUCT_NAME = "$(TARGET_NAME)";
				SWIFT_EMIT_LOC_STRINGS = YES;
				SWIFT_VERSION = 5.0;
				TARGETED_DEVICE_FAMILY = "1,2";
			};
			name = Release;
		};
/* End XCBuildConfiguration section */

/* Begin XCConfigurationList section */
		09D67A492AEFA8A500F99553 /* Build configuration list for PBXProject "SoundLibTest" */ = {
			isa = XCConfigurationList;
			buildConfigurations = (
				09D67A602AEFA8A700F99553 /* Debug */,
				09D67A612AEFA8A700F99553 /* Release */,
			);
			defaultConfigurationIsVisible = 0;
			defaultConfigurationName = Release;
		};
		09D67A622AEFA8A700F99553 /* Build configuration list for PBXNativeTarget "SoundLibTest" */ = {
			isa = XCConfigurationList;
			buildConfigurations = (
				09D67A632AEFA8A700F99553 /* Debug */,
				09D67A642AEFA8A700F99553 /* Release */,
			);
			defaultConfigurationIsVisible = 0;
			defaultConfigurationName = Release;
		};
/* End XCConfigurationList section */

/* Begin XCRemoteSwiftPackageReference section */
		094296E82B2846B500F22E8D /* XCRemoteSwiftPackageReference "AudioKitUI" */ = {
			isa = XCRemoteSwiftPackageReference;
			repositoryURL = "https://github.com/AudioKit/AudioKitUI.git";
			requirement = {
				kind = upToNextMajorVersion;
				minimumVersion = 0.3.6;
			};
		};
		095D630F2B299A140064CF12 /* XCRemoteSwiftPackageReference "realm-swift" */ = {
			isa = XCRemoteSwiftPackageReference;
			repositoryURL = "https://github.com/realm/realm-swift.git";
			requirement = {
				branch = master;
				kind = branch;
			};
		};
		099B11302B1F52B800A78234 /* XCRemoteSwiftPackageReference "AudioKit" */ = {
			isa = XCRemoteSwiftPackageReference;
			repositoryURL = "https://github.com/AudioKit/AudioKit.git";
			requirement = {
				kind = upToNextMajorVersion;
				minimumVersion = 5.6.2;
			};
		};
		099B11332B1F582700A78234 /* XCRemoteSwiftPackageReference "SoundpipeAudioKit" */ = {
			isa = XCRemoteSwiftPackageReference;
			repositoryURL = "https://github.com/AudioKit/SoundpipeAudioKit.git";
			requirement = {
				kind = upToNextMajorVersion;
				minimumVersion = 5.6.1;
			};
		};
		09D67A6D2AEFBA2D00F99553 /* XCRemoteSwiftPackageReference "Tuna" */ = {
			isa = XCRemoteSwiftPackageReference;
			repositoryURL = "https://github.com/alladinian/Tuna.git";
			requirement = {
				kind = upToNextMajorVersion;
				minimumVersion = 0.9.1;
			};
		};
/* End XCRemoteSwiftPackageReference section */

/* Begin XCSwiftPackageProductDependency section */
		094296E92B2846B500F22E8D /* AudioKitUI */ = {
			isa = XCSwiftPackageProductDependency;
			package = 094296E82B2846B500F22E8D /* XCRemoteSwiftPackageReference "AudioKitUI" */;
			productName = AudioKitUI;
		};
		095D63102B299A140064CF12 /* Realm */ = {
			isa = XCSwiftPackageProductDependency;
			package = 095D630F2B299A140064CF12 /* XCRemoteSwiftPackageReference "realm-swift" */;
			productName = Realm;
		};
		095D63122B299A140064CF12 /* RealmSwift */ = {
			isa = XCSwiftPackageProductDependency;
			package = 095D630F2B299A140064CF12 /* XCRemoteSwiftPackageReference "realm-swift" */;
			productName = RealmSwift;
		};
		0998EAF92B286B1F0030F6B5 /* MicrophonePitchDetector */ = {
			isa = XCSwiftPackageProductDependency;
			productName = MicrophonePitchDetector;
		};
		099B11312B1F52B800A78234 /* AudioKit */ = {
			isa = XCSwiftPackageProductDependency;
			package = 099B11302B1F52B800A78234 /* XCRemoteSwiftPackageReference "AudioKit" */;
			productName = AudioKit;
		};
		099B11342B1F582700A78234 /* SoundpipeAudioKit */ = {
			isa = XCSwiftPackageProductDependency;
			package = 099B11332B1F582700A78234 /* XCRemoteSwiftPackageReference "SoundpipeAudioKit" */;
			productName = SoundpipeAudioKit;
		};
		099B11362B1F589300A78234 /* SoundpipeAudioKit */ = {
			isa = XCSwiftPackageProductDependency;
			package = 099B11332B1F582700A78234 /* XCRemoteSwiftPackageReference "SoundpipeAudioKit" */;
			productName = SoundpipeAudioKit;
		};
		09D67A6E2AEFBA2D00F99553 /* Tuna */ = {
			isa = XCSwiftPackageProductDependency;
			package = 09D67A6D2AEFBA2D00F99553 /* XCRemoteSwiftPackageReference "Tuna" */;
			productName = Tuna;
		};
/* End XCSwiftPackageProductDependency section */
	};
	rootObject = 09D67A462AEFA8A500F99553 /* Project object */;
}
